
Microsoft Visual Studio Solution File, Format Version 12.00
# Visual Studio 14
VisualStudioVersion = 14.0.25420.1
MinimumVisualStudioVersion = 10.0.40219.1
Project("{FAE04EC0-301F-11D3-BF4B-00C04F79EFBC}") = "NbPilot.Common", "NbPilot.Common\NbPilot.Common.csproj", "{49B10598-87B3-4B1A-99CC-ACEA9EBF36BF}"
EndProject
Project("{FAE04EC0-301F-11D3-BF4B-00C04F79EFBC}") = "NbPilot.Common.TestExt", "NbPilot.Common.TestExt\NbPilot.Common.TestExt.csproj", "{A8D23BBA-1833-47E2-B850-06480160E5D3}"
EndProject
Project("{FAE04EC0-301F-11D3-BF4B-00C04F79EFBC}") = "NbPilot.Common.UnitTest", "test\unit\NbPilot.Common.UnitTest\NbPilot.Common.UnitTest.csproj", "{9DCA55D7-4A0D-4450-8475-2E837205E0CA}"
EndProject
Global
	GlobalSection(SolutionConfigurationPlatforms) = preSolution
		Debug|Any CPU = Debug|Any CPU
		Release|Any CPU = Release|Any CPU
	EndGlobalSection
	GlobalSection(ProjectConfigurationPlatforms) = postSolution
		{49B10598-87B3-4B1A-99CC-ACEA9EBF36BF}.Debug|Any CPU.ActiveCfg = Debug|Any CPU
		{49B10598-87B3-4B1A-99CC-ACEA9EBF36BF}.Debug|Any CPU.Build.0 = Debug|Any CPU
		{49B10598-87B3-4B1A-99CC-ACEA9EBF36BF}.Release|Any CPU.ActiveCfg = Release|Any CPU
		{49B10598-87B3-4B1A-99CC-ACEA9EBF36BF}.Release|Any CPU.Build.0 = Release|Any CPU
		{A8D23BBA-1833-47E2-B850-06480160E5D3}.Debug|Any CPU.ActiveCfg = Debug|Any CPU
		{A8D23BBA-1833-47E2-B850-06480160E5D3}.Debug|Any CPU.Build.0 = Debug|Any CPU
		{A8D23BBA-1833-47E2-B850-06480160E5D3}.Release|Any CPU.ActiveCfg = Release|Any CPU
		{A8D23BBA-1833-47E2-B850-06480160E5D3}.Release|Any CPU.Build.0 = Release|Any CPU
		{9DCA55D7-4A0D-4450-8475-2E837205E0CA}.Debug|Any CPU.ActiveCfg = Debug|Any CPU
		{9DCA55D7-4A0D-4450-8475-2E837205E0CA}.Debug|Any CPU.Build.0 = Debug|Any CPU
		{9DCA55D7-4A0D-4450-8475-2E837205E0CA}.Release|Any CPU.ActiveCfg = Release|Any CPU
		{9DCA55D7-4A0D-4450-8475-2E837205E0CA}.Release|Any CPU.Build.0 = Release|Any CPU
	EndGlobalSection
	GlobalSection(SolutionProperties) = preSolution
		HideSolutionNode = FALSE
	EndGlobalSection
EndGlobal
