
Microsoft Visual Studio Solution File, Format Version 12.00
# Visual Studio 2013
VisualStudioVersion = 12.0.31101.0
MinimumVisualStudioVersion = 10.0.40219.1
Project("{FAE04EC0-301F-11D3-BF4B-00C04F79EFBC}") = "NbPilot.Common", "NbPilot.Common\NbPilot.Common.csproj", "{49B10598-87B3-4B1A-99CC-ACEA9EBF36BF}"
EndProject
Project("{FAE04EC0-301F-11D3-BF4B-00C04F79EFBC}") = "NbPilot.Common.TestExt", "NbPilot.Common.TestExt\NbPilot.Common.TestExt.csproj", "{A8D23BBA-1833-47E2-B850-06480160E5D3}"
EndProject
Project("{FAE04EC0-301F-11D3-BF4B-00C04F79EFBC}") = "NbPilot.Common.UnitTest", "test\unit\NbPilot.Common.UnitTest\NbPilot.Common.UnitTest.csproj", "{9DCA55D7-4A0D-4450-8475-2E837205E0CA}"
EndProject
Project("{FAE04EC0-301F-11D3-BF4B-00C04F79EFBC}") = "NbPilot.ConsoleApp", "NbPilot.ConsoleApp\NbPilot.ConsoleApp.csproj", "{D5710373-84A8-4073-97A1-14E54984F9F4}"
EndProject
Project("{FAE04EC0-301F-11D3-BF4B-00C04F79EFBC}") = "NbPilot.Registry", "NbPilot.Registry\NbPilot.Registry.csproj", "{A3CA9EB3-B8E4-4827-95DA-5148493BCC91}"
EndProject
Project("{FAE04EC0-301F-11D3-BF4B-00C04F79EFBC}") = "NbPilot.BaseLib", "NbPilot.BaseLib\NbPilot.BaseLib.csproj", "{59BA91E3-FB36-4554-9D8D-D9572D6E8108}"
EndProject
Global
	GlobalSection(SolutionConfigurationPlatforms) = preSolution
		Debug|Any CPU = Debug|Any CPU
		Release|Any CPU = Release|Any CPU
	EndGlobalSection
	GlobalSection(ProjectConfigurationPlatforms) = postSolution
		{49B10598-87B3-4B1A-99CC-ACEA9EBF36BF}.Debug|Any CPU.ActiveCfg = Debug|Any CPU
		{49B10598-87B3-4B1A-99CC-ACEA9EBF36BF}.Debug|Any CPU.Build.0 = Debug|Any CPU
		{49B10598-87B3-4B1A-99CC-ACEA9EBF36BF}.Release|Any CPU.ActiveCfg = Release|Any CPU
		{49B10598-87B3-4B1A-99CC-ACEA9EBF36BF}.Release|Any CPU.Build.0 = Release|Any CPU
		{A8D23BBA-1833-47E2-B850-06480160E5D3}.Debug|Any CPU.ActiveCfg = Debug|Any CPU
		{A8D23BBA-1833-47E2-B850-06480160E5D3}.Debug|Any CPU.Build.0 = Debug|Any CPU
		{A8D23BBA-1833-47E2-B850-06480160E5D3}.Release|Any CPU.ActiveCfg = Release|Any CPU
		{A8D23BBA-1833-47E2-B850-06480160E5D3}.Release|Any CPU.Build.0 = Release|Any CPU
		{9DCA55D7-4A0D-4450-8475-2E837205E0CA}.Debug|Any CPU.ActiveCfg = Debug|Any CPU
		{9DCA55D7-4A0D-4450-8475-2E837205E0CA}.Debug|Any CPU.Build.0 = Debug|Any CPU
		{9DCA55D7-4A0D-4450-8475-2E837205E0CA}.Release|Any CPU.ActiveCfg = Release|Any CPU
		{9DCA55D7-4A0D-4450-8475-2E837205E0CA}.Release|Any CPU.Build.0 = Release|Any CPU
		{D5710373-84A8-4073-97A1-14E54984F9F4}.Debug|Any CPU.ActiveCfg = Debug|Any CPU
		{D5710373-84A8-4073-97A1-14E54984F9F4}.Debug|Any CPU.Build.0 = Debug|Any CPU
		{D5710373-84A8-4073-97A1-14E54984F9F4}.Release|Any CPU.ActiveCfg = Release|Any CPU
		{D5710373-84A8-4073-97A1-14E54984F9F4}.Release|Any CPU.Build.0 = Release|Any CPU
		{A3CA9EB3-B8E4-4827-95DA-5148493BCC91}.Debug|Any CPU.ActiveCfg = Debug|Any CPU
		{A3CA9EB3-B8E4-4827-95DA-5148493BCC91}.Debug|Any CPU.Build.0 = Debug|Any CPU
		{A3CA9EB3-B8E4-4827-95DA-5148493BCC91}.Release|Any CPU.ActiveCfg = Release|Any CPU
		{A3CA9EB3-B8E4-4827-95DA-5148493BCC91}.Release|Any CPU.Build.0 = Release|Any CPU
		{59BA91E3-FB36-4554-9D8D-D9572D6E8108}.Debug|Any CPU.ActiveCfg = Debug|Any CPU
		{59BA91E3-FB36-4554-9D8D-D9572D6E8108}.Debug|Any CPU.Build.0 = Debug|Any CPU
		{59BA91E3-FB36-4554-9D8D-D9572D6E8108}.Release|Any CPU.ActiveCfg = Release|Any CPU
		{59BA91E3-FB36-4554-9D8D-D9572D6E8108}.Release|Any CPU.Build.0 = Release|Any CPU
	EndGlobalSection
	GlobalSection(SolutionProperties) = preSolution
		HideSolutionNode = FALSE
	EndGlobalSection
EndGlobal
